
Microsoft Visual Studio Solution File, Format Version 12.00
# Visual Studio Version 16
VisualStudioVersion = 16.0.31424.327
MinimumVisualStudioVersion = 10.0.40219.1
Project("{FAE04EC0-301F-11D3-BF4B-00C04F79EFBC}") = "WindowsFormsApp6", "WindowsFormsApp6\WindowsFormsApp6.csproj", "{7A2AE068-C003-4E72-80BD-8035B4209E67}"
EndProject
Global
	GlobalSection(SolutionConfigurationPlatforms) = preSolution
		Debug|Any CPU = Debug|Any CPU
		Release|Any CPU = Release|Any CPU
	EndGlobalSection
	GlobalSection(ProjectConfigurationPlatforms) = postSolution
		{7A2AE068-C003-4E72-80BD-8035B4209E67}.Debug|Any CPU.ActiveCfg = Debug|Any CPU
		{7A2AE068-C003-4E72-80BD-8035B4209E67}.Debug|Any CPU.Build.0 = Debug|Any CPU
		{7A2AE068-C003-4E72-80BD-8035B4209E67}.Release|Any CPU.ActiveCfg = Release|Any CPU
		{7A2AE068-C003-4E72-80BD-8035B4209E67}.Release|Any CPU.Build.0 = Release|Any CPU
	EndGlobalSection
	GlobalSection(SolutionProperties) = preSolution
		HideSolutionNode = FALSE
	EndGlobalSection
	GlobalSection(ExtensibilityGlobals) = postSolution
		SolutionGuid = {0E9C069E-7872-48A2-BB15-7A3FD9D2FDAB}
	EndGlobalSection
EndGlobal
